
Microsoft Visual Studio Solution File, Format Version 12.00
# Visual Studio Version 16
VisualStudioVersion = 16.0.30804.86
MinimumVisualStudioVersion = 15.0.26124.0
Project("{9A19103F-16F7-4668-BE54-9A1E7A4F7556}") = "shopapp.business", "shopapp.business\shopapp.business.csproj", "{3C24BE56-0F97-43DB-BD00-2D9EF0365845}"
EndProject
Project("{9A19103F-16F7-4668-BE54-9A1E7A4F7556}") = "shopapp.data", "shopapp.data\shopapp.data.csproj", "{0D7CB42B-BC74-4287-8078-CEB84C53E263}"
EndProject
Project("{9A19103F-16F7-4668-BE54-9A1E7A4F7556}") = "shopapp.entity", "shopapp.entity\shopapp.entity.csproj", "{EC239EF9-20FD-4853-84FA-10C7EC0AE82E}"
EndProject
Project("{9A19103F-16F7-4668-BE54-9A1E7A4F7556}") = "shopapp.webui", "shopapp.webui\shopapp.webui.csproj", "{BD2E6437-97A2-49BA-8EFE-2F5EAC6E5EF0}"
EndProject
Global
	GlobalSection(SolutionConfigurationPlatforms) = preSolution
		Debug|Any CPU = Debug|Any CPU
		Debug|x64 = Debug|x64
		Debug|x86 = Debug|x86
		Release|Any CPU = Release|Any CPU
		Release|x64 = Release|x64
		Release|x86 = Release|x86
	EndGlobalSection
	GlobalSection(ProjectConfigurationPlatforms) = postSolution
		{3C24BE56-0F97-43DB-BD00-2D9EF0365845}.Debug|Any CPU.ActiveCfg = Debug|Any CPU
		{3C24BE56-0F97-43DB-BD00-2D9EF0365845}.Debug|Any CPU.Build.0 = Debug|Any CPU
		{3C24BE56-0F97-43DB-BD00-2D9EF0365845}.Debug|x64.ActiveCfg = Debug|Any CPU
		{3C24BE56-0F97-43DB-BD00-2D9EF0365845}.Debug|x64.Build.0 = Debug|Any CPU
		{3C24BE56-0F97-43DB-BD00-2D9EF0365845}.Debug|x86.ActiveCfg = Debug|Any CPU
		{3C24BE56-0F97-43DB-BD00-2D9EF0365845}.Debug|x86.Build.0 = Debug|Any CPU
		{3C24BE56-0F97-43DB-BD00-2D9EF0365845}.Release|Any CPU.ActiveCfg = Release|Any CPU
		{3C24BE56-0F97-43DB-BD00-2D9EF0365845}.Release|Any CPU.Build.0 = Release|Any CPU
		{3C24BE56-0F97-43DB-BD00-2D9EF0365845}.Release|x64.ActiveCfg = Release|Any CPU
		{3C24BE56-0F97-43DB-BD00-2D9EF0365845}.Release|x64.Build.0 = Release|Any CPU
		{3C24BE56-0F97-43DB-BD00-2D9EF0365845}.Release|x86.ActiveCfg = Release|Any CPU
		{3C24BE56-0F97-43DB-BD00-2D9EF0365845}.Release|x86.Build.0 = Release|Any CPU
		{0D7CB42B-BC74-4287-8078-CEB84C53E263}.Debug|Any CPU.ActiveCfg = Debug|Any CPU
		{0D7CB42B-BC74-4287-8078-CEB84C53E263}.Debug|Any CPU.Build.0 = Debug|Any CPU
		{0D7CB42B-BC74-4287-8078-CEB84C53E263}.Debug|x64.ActiveCfg = Debug|Any CPU
		{0D7CB42B-BC74-4287-8078-CEB84C53E263}.Debug|x64.Build.0 = Debug|Any CPU
		{0D7CB42B-BC74-4287-8078-CEB84C53E263}.Debug|x86.ActiveCfg = Debug|Any CPU
		{0D7CB42B-BC74-4287-8078-CEB84C53E263}.Debug|x86.Build.0 = Debug|Any CPU
		{0D7CB42B-BC74-4287-8078-CEB84C53E263}.Release|Any CPU.ActiveCfg = Release|Any CPU
		{0D7CB42B-BC74-4287-8078-CEB84C53E263}.Release|Any CPU.Build.0 = Release|Any CPU
		{0D7CB42B-BC74-4287-8078-CEB84C53E263}.Release|x64.ActiveCfg = Release|Any CPU
		{0D7CB42B-BC74-4287-8078-CEB84C53E263}.Release|x64.Build.0 = Release|Any CPU
		{0D7CB42B-BC74-4287-8078-CEB84C53E263}.Release|x86.ActiveCfg = Release|Any CPU
		{0D7CB42B-BC74-4287-8078-CEB84C53E263}.Release|x86.Build.0 = Release|Any CPU
		{EC239EF9-20FD-4853-84FA-10C7EC0AE82E}.Debug|Any CPU.ActiveCfg = Debug|Any CPU
		{EC239EF9-20FD-4853-84FA-10C7EC0AE82E}.Debug|Any CPU.Build.0 = Debug|Any CPU
		{EC239EF9-20FD-4853-84FA-10C7EC0AE82E}.Debug|x64.ActiveCfg = Debug|Any CPU
		{EC239EF9-20FD-4853-84FA-10C7EC0AE82E}.Debug|x64.Build.0 = Debug|Any CPU
		{EC239EF9-20FD-4853-84FA-10C7EC0AE82E}.Debug|x86.ActiveCfg = Debug|Any CPU
		{EC239EF9-20FD-4853-84FA-10C7EC0AE82E}.Debug|x86.Build.0 = Debug|Any CPU
		{EC239EF9-20FD-4853-84FA-10C7EC0AE82E}.Release|Any CPU.ActiveCfg = Release|Any CPU
		{EC239EF9-20FD-4853-84FA-10C7EC0AE82E}.Release|Any CPU.Build.0 = Release|Any CPU
		{EC239EF9-20FD-4853-84FA-10C7EC0AE82E}.Release|x64.ActiveCfg = Release|Any CPU
		{EC239EF9-20FD-4853-84FA-10C7EC0AE82E}.Release|x64.Build.0 = Release|Any CPU
		{EC239EF9-20FD-4853-84FA-10C7EC0AE82E}.Release|x86.ActiveCfg = Release|Any CPU
		{EC239EF9-20FD-4853-84FA-10C7EC0AE82E}.Release|x86.Build.0 = Release|Any CPU
		{BD2E6437-97A2-49BA-8EFE-2F5EAC6E5EF0}.Debug|Any CPU.ActiveCfg = Debug|Any CPU
		{BD2E6437-97A2-49BA-8EFE-2F5EAC6E5EF0}.Debug|Any CPU.Build.0 = Debug|Any CPU
		{BD2E6437-97A2-49BA-8EFE-2F5EAC6E5EF0}.Debug|x64.ActiveCfg = Debug|Any CPU
		{BD2E6437-97A2-49BA-8EFE-2F5EAC6E5EF0}.Debug|x64.Build.0 = Debug|Any CPU
		{BD2E6437-97A2-49BA-8EFE-2F5EAC6E5EF0}.Debug|x86.ActiveCfg = Debug|Any CPU
		{BD2E6437-97A2-49BA-8EFE-2F5EAC6E5EF0}.Debug|x86.Build.0 = Debug|Any CPU
		{BD2E6437-97A2-49BA-8EFE-2F5EAC6E5EF0}.Release|Any CPU.ActiveCfg = Release|Any CPU
		{BD2E6437-97A2-49BA-8EFE-2F5EAC6E5EF0}.Release|Any CPU.Build.0 = Release|Any CPU
		{BD2E6437-97A2-49BA-8EFE-2F5EAC6E5EF0}.Release|x64.ActiveCfg = Release|Any CPU
		{BD2E6437-97A2-49BA-8EFE-2F5EAC6E5EF0}.Release|x64.Build.0 = Release|Any CPU
		{BD2E6437-97A2-49BA-8EFE-2F5EAC6E5EF0}.Release|x86.ActiveCfg = Release|Any CPU
		{BD2E6437-97A2-49BA-8EFE-2F5EAC6E5EF0}.Release|x86.Build.0 = Release|Any CPU
	EndGlobalSection
	GlobalSection(SolutionProperties) = preSolution
		HideSolutionNode = FALSE
	EndGlobalSection
	GlobalSection(ExtensibilityGlobals) = postSolution
		SolutionGuid = {8D89D178-F525-474D-8A8B-6E1429F041F5}
	EndGlobalSection
EndGlobal
